{
  "version": 4,
  "terraform_version": "1.1.1",
  "serial": 88,
  "lineage": "503a92e8-2acb-05e9-0775-36aa8a7aa7df",
  "outputs": {},
  "resources": [
    {
      "mode": "managed",
      "type": "kubernetes_role",
      "name": "admin_role",
      "provider": "provider[\"registry.terraform.io/hashicorp/kubernetes\"]",
      "instances": [
        {
          "schema_version": 0,
          "attributes": {
            "id": "default/admin-role",
            "metadata": [
              {
                "annotations": {},
                "generate_name": "",
                "generation": 0,
                "labels": {},
                "name": "admin-role",
                "namespace": "default",
                "resource_version": "28571826",
                "uid": "f4037912-0c37-4fb0-97df-9f2b805b04c6"
              }
            ],
            "rule": [
              {
                "api_groups": [
                  ""
                ],
                "resource_names": [],
                "resources": [
                  "deployments",
                  "jobs",
                  "pods"
                ],
                "verbs": [
                  "delete",
                  "get",
                  "list"
                ]
              }
            ]
          },
          "sensitive_attributes": [],
          "private": "bnVsbA=="
        }
      ]
    },
    {
      "mode": "managed",
      "type": "kubernetes_role_binding",
      "name": "cronjob_role_binding",
      "provider": "provider[\"registry.terraform.io/hashicorp/kubernetes\"]",
      "instances": [
        {
          "schema_version": 0,
          "attributes": {
            "id": "default/cronjob-role-binding",
            "metadata": [
              {
                "annotations": {},
                "generate_name": "",
                "generation": 0,
                "labels": {},
                "name": "cronjob-role-binding",
                "namespace": "default",
                "resource_version": "28571825",
                "uid": "21a2cc6b-738f-4f77-ae16-defe18c81b0e"
              }
            ],
            "role_ref": [
              {
                "api_group": "rbac.authorization.k8s.io",
                "kind": "Role",
                "name": "admin-role"
              }
            ],
            "subject": [
              {
                "api_group": "",
                "kind": "ServiceAccount",
                "name": "cronjob-sa",
                "namespace": "default"
              }
            ]
          },
          "sensitive_attributes": [],
          "private": "bnVsbA=="
        }
      ]
    },
    {
      "module": "module.cronjob-terraform-helm",
      "mode": "managed",
      "type": "helm_release",
      "name": "cronjob-deployment",
      "provider": "provider[\"registry.terraform.io/hashicorp/helm\"]",
      "instances": [
        {
          "schema_version": 1,
          "attributes": {
            "atomic": false,
            "chart": "./cronjobs/",
            "cleanup_on_fail": false,
            "create_namespace": false,
            "dependency_update": false,
            "description": null,
            "devel": null,
            "disable_crd_hooks": false,
            "disable_openapi_validation": false,
            "disable_webhooks": false,
            "force_update": false,
            "id": "cronjob",
            "keyring": null,
            "lint": false,
            "manifest": null,
            "max_history": 0,
            "metadata": [
              {
                "app_version": "latest",
                "chart": "cronjobs",
                "name": "cronjob",
                "namespace": "default",
                "revision": 1,
                "values": "{\"jobs\":{\"uninstall-app\":{\"args\":[\"kubectl delete pod nginx\"],\"command\":[\"/bin/sh\",\"-c\"],\"schedule\":\"*/1 * * * *\"}},\"serviceAccount\":{\"name\":\"cronjob-sa\"}}",
                "version": "0.1.6"
              }
            ],
            "name": "cronjob",
            "namespace": "default",
            "pass_credentials": false,
            "postrender": [],
            "recreate_pods": false,
            "render_subchart_notes": true,
            "replace": false,
            "repository": null,
            "repository_ca_file": null,
            "repository_cert_file": null,
            "repository_key_file": null,
            "repository_password": null,
            "repository_username": null,
            "reset_values": false,
            "reuse_values": false,
            "set": [],
            "set_list": [],
            "set_sensitive": [],
            "skip_crds": false,
            "status": "deployed",
            "timeout": 300,
            "values": [
              "jobs:\n  uninstall-app:\n    schedule: \"*/1 * * * *\"\n    command:\n      - \"/bin/sh\"\n      - \"-c\"\n    args: \n      - \"kubectl delete pod nginx\"\n\nserviceAccount: \n  name: cronjob-sa\n"
            ],
            "verify": false,
            "version": "0.1.6",
            "wait": false,
            "wait_for_jobs": false
          },
          "sensitive_attributes": [],
          "private": "eyJzY2hlbWFfdmVyc2lvbiI6IjEifQ=="
        }
      ]
    }
  ]
}
